
Microsoft Visual Studio Solution File, Format Version 12.00
# Visual Studio Version 17
VisualStudioVersion = 17.1.32328.378
MinimumVisualStudioVersion = 10.0.40219.1
Project("{9A19103F-16F7-4668-BE54-9A1E7A4F7556}") = "WinFormsControlLibraryS", "WinFormsControlLibraryS\WinFormsControlLibraryS.csproj", "{3225DAC2-60C4-4BEA-810D-5A29C2F1ADE2}"
EndProject
Project("{9A19103F-16F7-4668-BE54-9A1E7A4F7556}") = "CopView", "CopView\CopView.csproj", "{777E7BA6-0172-4380-9C0C-C9B394E391B4}"
EndProject
Project("{FAE04EC0-301F-11D3-BF4B-00C04F79EFBC}") = "NonVisualComponentLibraryS", "NonVisualLibraryS\NonVisualComponentLibraryS.csproj", "{EADAF0C1-80E6-4FB4-A183-B6BEE8D41159}"
EndProject
Global
	GlobalSection(SolutionConfigurationPlatforms) = preSolution
		Debug|Any CPU = Debug|Any CPU
		Release|Any CPU = Release|Any CPU
	EndGlobalSection
	GlobalSection(ProjectConfigurationPlatforms) = postSolution
		{3225DAC2-60C4-4BEA-810D-5A29C2F1ADE2}.Debug|Any CPU.ActiveCfg = Debug|Any CPU
		{3225DAC2-60C4-4BEA-810D-5A29C2F1ADE2}.Debug|Any CPU.Build.0 = Debug|Any CPU
		{3225DAC2-60C4-4BEA-810D-5A29C2F1ADE2}.Release|Any CPU.ActiveCfg = Release|Any CPU
		{3225DAC2-60C4-4BEA-810D-5A29C2F1ADE2}.Release|Any CPU.Build.0 = Release|Any CPU
		{777E7BA6-0172-4380-9C0C-C9B394E391B4}.Debug|Any CPU.ActiveCfg = Debug|Any CPU
		{777E7BA6-0172-4380-9C0C-C9B394E391B4}.Debug|Any CPU.Build.0 = Debug|Any CPU
		{777E7BA6-0172-4380-9C0C-C9B394E391B4}.Release|Any CPU.ActiveCfg = Release|Any CPU
		{777E7BA6-0172-4380-9C0C-C9B394E391B4}.Release|Any CPU.Build.0 = Release|Any CPU
		{EADAF0C1-80E6-4FB4-A183-B6BEE8D41159}.Debug|Any CPU.ActiveCfg = Debug|Any CPU
		{EADAF0C1-80E6-4FB4-A183-B6BEE8D41159}.Debug|Any CPU.Build.0 = Debug|Any CPU
		{EADAF0C1-80E6-4FB4-A183-B6BEE8D41159}.Release|Any CPU.ActiveCfg = Release|Any CPU
		{EADAF0C1-80E6-4FB4-A183-B6BEE8D41159}.Release|Any CPU.Build.0 = Release|Any CPU
	EndGlobalSection
	GlobalSection(SolutionProperties) = preSolution
		HideSolutionNode = FALSE
	EndGlobalSection
	GlobalSection(ExtensibilityGlobals) = postSolution
		SolutionGuid = {0A8754A2-6A80-44CE-A2E0-EBBE5D465FD2}
	EndGlobalSection
EndGlobal
