
Microsoft Visual Studio Solution File, Format Version 12.00
# Visual Studio Version 17
VisualStudioVersion = 17.1.32328.378
MinimumVisualStudioVersion = 10.0.40219.1
Project("{FAE04EC0-301F-11D3-BF4B-00C04F79EFBC}") = "WinFormsControlLibraryS", "WinFormsControlLibraryS\WinFormsControlLibraryS.csproj", "{3225DAC2-60C4-4BEA-810D-5A29C2F1ADE2}"
EndProject
Global
	GlobalSection(SolutionConfigurationPlatforms) = preSolution
		Debug|Any CPU = Debug|Any CPU
		Release|Any CPU = Release|Any CPU
	EndGlobalSection
	GlobalSection(ProjectConfigurationPlatforms) = postSolution
		{3225DAC2-60C4-4BEA-810D-5A29C2F1ADE2}.Debug|Any CPU.ActiveCfg = Debug|Any CPU
		{3225DAC2-60C4-4BEA-810D-5A29C2F1ADE2}.Debug|Any CPU.Build.0 = Debug|Any CPU
		{3225DAC2-60C4-4BEA-810D-5A29C2F1ADE2}.Release|Any CPU.ActiveCfg = Release|Any CPU
		{3225DAC2-60C4-4BEA-810D-5A29C2F1ADE2}.Release|Any CPU.Build.0 = Release|Any CPU
	EndGlobalSection
	GlobalSection(SolutionProperties) = preSolution
		HideSolutionNode = FALSE
	EndGlobalSection
	GlobalSection(ExtensibilityGlobals) = postSolution
		SolutionGuid = {0A8754A2-6A80-44CE-A2E0-EBBE5D465FD2}
	EndGlobalSection
EndGlobal
